
Microsoft Visual Studio Solution File, Format Version 12.00
# Visual Studio Version 17
VisualStudioVersion = 17.2.32630.192
MinimumVisualStudioVersion = 10.0.40219.1
Project("{FAE04EC0-301F-11D3-BF4B-00C04F79EFBC}") = "ConsoleToWebApi", "ConsoleToWebApi\ConsoleToWebApi.csproj", "{4E5CF1E2-F890-4ABD-814B-908F2E22613B}"
EndProject
Global
	GlobalSection(SolutionConfigurationPlatforms) = preSolution
		Debug|Any CPU = Debug|Any CPU
		Release|Any CPU = Release|Any CPU
	EndGlobalSection
	GlobalSection(ProjectConfigurationPlatforms) = postSolution
		{4E5CF1E2-F890-4ABD-814B-908F2E22613B}.Debug|Any CPU.ActiveCfg = Debug|Any CPU
		{4E5CF1E2-F890-4ABD-814B-908F2E22613B}.Debug|Any CPU.Build.0 = Debug|Any CPU
		{4E5CF1E2-F890-4ABD-814B-908F2E22613B}.Release|Any CPU.ActiveCfg = Release|Any CPU
		{4E5CF1E2-F890-4ABD-814B-908F2E22613B}.Release|Any CPU.Build.0 = Release|Any CPU
	EndGlobalSection
	GlobalSection(SolutionProperties) = preSolution
		HideSolutionNode = FALSE
	EndGlobalSection
	GlobalSection(ExtensibilityGlobals) = postSolution
		SolutionGuid = {3B48650C-E1C9-4CC9-9F38-D04AF4B78630}
	EndGlobalSection
EndGlobal
