
Microsoft Visual Studio Solution File, Format Version 12.00
# Visual Studio Version 17
VisualStudioVersion = 17.2.32630.192
MinimumVisualStudioVersion = 10.0.40219.1
Project("{FAE04EC0-301F-11D3-BF4B-00C04F79EFBC}") = "PokemanReviewApp", "PokemanReviewApp\PokemanReviewApp.csproj", "{C20B193A-45B1-4D19-A715-A0A20E8192F3}"
EndProject
Global
	GlobalSection(SolutionConfigurationPlatforms) = preSolution
		Debug|Any CPU = Debug|Any CPU
		Release|Any CPU = Release|Any CPU
	EndGlobalSection
	GlobalSection(ProjectConfigurationPlatforms) = postSolution
		{C20B193A-45B1-4D19-A715-A0A20E8192F3}.Debug|Any CPU.ActiveCfg = Debug|Any CPU
		{C20B193A-45B1-4D19-A715-A0A20E8192F3}.Debug|Any CPU.Build.0 = Debug|Any CPU
		{C20B193A-45B1-4D19-A715-A0A20E8192F3}.Release|Any CPU.ActiveCfg = Release|Any CPU
		{C20B193A-45B1-4D19-A715-A0A20E8192F3}.Release|Any CPU.Build.0 = Release|Any CPU
	EndGlobalSection
	GlobalSection(SolutionProperties) = preSolution
		HideSolutionNode = FALSE
	EndGlobalSection
	GlobalSection(ExtensibilityGlobals) = postSolution
		SolutionGuid = {9B04F036-EF2F-48D8-B62E-7EAE46D2DD32}
	EndGlobalSection
EndGlobal
